
Microsoft Visual Studio Solution File, Format Version 12.00
# Visual Studio 2012
Project("{FAE04EC0-301F-11D3-BF4B-00C04F79EFBC}") = "Tac.MetaServlet.Rpc", "Tac.MetaServlet.Rpc\Tac.MetaServlet.Rpc.csproj", "{4193F200-5F63-48BC-B983-8BD5D61673F3}"
EndProject
Project("{FAE04EC0-301F-11D3-BF4B-00C04F79EFBC}") = "Test.Tac.MetaServlet.Rpc", "Test.Tac.MetaServlet.Rpc\Test.Tac.MetaServlet.Rpc.csproj", "{FD9B509F-64A9-4337-BA70-B69737AB9375}"
EndProject
Project("{FAE04EC0-301F-11D3-BF4B-00C04F79EFBC}") = "Tac.MetaServlet.Client", "Tac.MetaServlet.Client\Tac.MetaServlet.Client.csproj", "{5BA5B610-1518-4115-A03A-25CBD29FCE95}"
EndProject
Project("{2150E333-8FDC-42A3-9474-1A3956D46DE8}") = "Solution Items", "Solution Items", "{3F4379C7-68FF-4158-A41D-1CAFB5ADD05C}"
	ProjectSection(SolutionItems) = preProject
		LICENSE = LICENSE
		README.md = README.md
	EndProjectSection
EndProject
Project("{FAE04EC0-301F-11D3-BF4B-00C04F79EFBC}") = "Test.Tac.MetaServlet.Client", "Test.Tac.MetaServlet.Client\Test.Tac.MetaServlet.Client.csproj", "{FFD691A3-30DF-4D16-A0AD-4F6330F98575}"
EndProject
Global
	GlobalSection(SolutionConfigurationPlatforms) = preSolution
		Debug|Any CPU = Debug|Any CPU
		Release|Any CPU = Release|Any CPU
	EndGlobalSection
	GlobalSection(ProjectConfigurationPlatforms) = postSolution
		{4193F200-5F63-48BC-B983-8BD5D61673F3}.Debug|Any CPU.ActiveCfg = Debug|Any CPU
		{4193F200-5F63-48BC-B983-8BD5D61673F3}.Debug|Any CPU.Build.0 = Debug|Any CPU
		{4193F200-5F63-48BC-B983-8BD5D61673F3}.Release|Any CPU.ActiveCfg = Release|Any CPU
		{4193F200-5F63-48BC-B983-8BD5D61673F3}.Release|Any CPU.Build.0 = Release|Any CPU
		{FD9B509F-64A9-4337-BA70-B69737AB9375}.Debug|Any CPU.ActiveCfg = Debug|Any CPU
		{FD9B509F-64A9-4337-BA70-B69737AB9375}.Debug|Any CPU.Build.0 = Debug|Any CPU
		{FD9B509F-64A9-4337-BA70-B69737AB9375}.Release|Any CPU.ActiveCfg = Release|Any CPU
		{FD9B509F-64A9-4337-BA70-B69737AB9375}.Release|Any CPU.Build.0 = Release|Any CPU
		{5BA5B610-1518-4115-A03A-25CBD29FCE95}.Debug|Any CPU.ActiveCfg = Debug|Any CPU
		{5BA5B610-1518-4115-A03A-25CBD29FCE95}.Debug|Any CPU.Build.0 = Debug|Any CPU
		{5BA5B610-1518-4115-A03A-25CBD29FCE95}.Release|Any CPU.ActiveCfg = Release|Any CPU
		{5BA5B610-1518-4115-A03A-25CBD29FCE95}.Release|Any CPU.Build.0 = Release|Any CPU
		{FFD691A3-30DF-4D16-A0AD-4F6330F98575}.Debug|Any CPU.ActiveCfg = Debug|Any CPU
		{FFD691A3-30DF-4D16-A0AD-4F6330F98575}.Debug|Any CPU.Build.0 = Debug|Any CPU
		{FFD691A3-30DF-4D16-A0AD-4F6330F98575}.Release|Any CPU.ActiveCfg = Release|Any CPU
		{FFD691A3-30DF-4D16-A0AD-4F6330F98575}.Release|Any CPU.Build.0 = Release|Any CPU
	EndGlobalSection
	GlobalSection(MonoDevelopProperties) = preSolution
		version = 1.0.1.0
	EndGlobalSection
EndGlobal
